
Microsoft Visual Studio Solution File, Format Version 12.00
# Visual Studio Version 16
VisualStudioVersion = 16.0.29709.97
MinimumVisualStudioVersion = 10.0.40219.1
Project("{9A19103F-16F7-4668-BE54-9A1E7A4F7556}") = "03. Deck Shuffle", "03. Deck Shuffle\03. Deck Shuffle.csproj", "{2CB442F3-339B-4AF0-834B-EFA3F19503C3}"
EndProject
Project("{9A19103F-16F7-4668-BE54-9A1E7A4F7556}") = "04. Soft Jump", "04. Soft Jump\04. Soft Jump.csproj", "{40ED9ECF-9C92-4C28-8CE0-BB1FC12424AE}"
EndProject
Project("{9A19103F-16F7-4668-BE54-9A1E7A4F7556}") = "01. Dream car", "01. Dream car\01. Dream car.csproj", "{116E59D1-37F1-4AE4-BD6D-1880FA8EBF42}"
EndProject
Project("{9A19103F-16F7-4668-BE54-9A1E7A4F7556}") = "02. New Building", "02. New Building\02. New Building.csproj", "{9CEFC210-F2C9-478E-8D9E-593766210EBE}"
EndProject
Global
	GlobalSection(SolutionConfigurationPlatforms) = preSolution
		Debug|Any CPU = Debug|Any CPU
		Release|Any CPU = Release|Any CPU
	EndGlobalSection
	GlobalSection(ProjectConfigurationPlatforms) = postSolution
		{2CB442F3-339B-4AF0-834B-EFA3F19503C3}.Debug|Any CPU.ActiveCfg = Debug|Any CPU
		{2CB442F3-339B-4AF0-834B-EFA3F19503C3}.Debug|Any CPU.Build.0 = Debug|Any CPU
		{2CB442F3-339B-4AF0-834B-EFA3F19503C3}.Release|Any CPU.ActiveCfg = Release|Any CPU
		{2CB442F3-339B-4AF0-834B-EFA3F19503C3}.Release|Any CPU.Build.0 = Release|Any CPU
		{40ED9ECF-9C92-4C28-8CE0-BB1FC12424AE}.Debug|Any CPU.ActiveCfg = Debug|Any CPU
		{40ED9ECF-9C92-4C28-8CE0-BB1FC12424AE}.Debug|Any CPU.Build.0 = Debug|Any CPU
		{40ED9ECF-9C92-4C28-8CE0-BB1FC12424AE}.Release|Any CPU.ActiveCfg = Release|Any CPU
		{40ED9ECF-9C92-4C28-8CE0-BB1FC12424AE}.Release|Any CPU.Build.0 = Release|Any CPU
		{116E59D1-37F1-4AE4-BD6D-1880FA8EBF42}.Debug|Any CPU.ActiveCfg = Debug|Any CPU
		{116E59D1-37F1-4AE4-BD6D-1880FA8EBF42}.Debug|Any CPU.Build.0 = Debug|Any CPU
		{116E59D1-37F1-4AE4-BD6D-1880FA8EBF42}.Release|Any CPU.ActiveCfg = Release|Any CPU
		{116E59D1-37F1-4AE4-BD6D-1880FA8EBF42}.Release|Any CPU.Build.0 = Release|Any CPU
		{9CEFC210-F2C9-478E-8D9E-593766210EBE}.Debug|Any CPU.ActiveCfg = Debug|Any CPU
		{9CEFC210-F2C9-478E-8D9E-593766210EBE}.Debug|Any CPU.Build.0 = Debug|Any CPU
		{9CEFC210-F2C9-478E-8D9E-593766210EBE}.Release|Any CPU.ActiveCfg = Release|Any CPU
		{9CEFC210-F2C9-478E-8D9E-593766210EBE}.Release|Any CPU.Build.0 = Release|Any CPU
	EndGlobalSection
	GlobalSection(SolutionProperties) = preSolution
		HideSolutionNode = FALSE
	EndGlobalSection
	GlobalSection(ExtensibilityGlobals) = postSolution
		SolutionGuid = {17A90464-AD2D-4640-9694-7548F05A8C58}
	EndGlobalSection
EndGlobal
